// !$*UTF8*$!
{
	archiveVersion = 1;
	classes = {
	};
	objectVersion = 46;
	objects = {

/* Begin PBXBuildFile section */
		C11EB42E1C77CC670052BCB3 /* Media.xcassets in Resources */ = {isa = PBXBuildFile; fileRef = C11EB42D1C77CC670052BCB3 /* Media.xcassets */; };
		C11EB4821C79515F0052BCB3 /* Charts.framework in Frameworks */ = {isa = PBXBuildFile; fileRef = C11EB47D1C7950F50052BCB3 /* Charts.framework */; };
		C11EB4831C79515F0052BCB3 /* Charts.framework in Embed Frameworks */ = {isa = PBXBuildFile; fileRef = C11EB47D1C7950F50052BCB3 /* Charts.framework */; settings = {ATTRIBUTES = (CodeSignOnCopy, RemoveHeadersOnCopy, ); }; };
		C127DE761C7E349700D330FF /* SettingsViewController.swift in Sources */ = {isa = PBXBuildFile; fileRef = C127DE751C7E349700D330FF /* SettingsViewController.swift */; };
		C127DE7A1C7E34B500D330FF /* TokensViewController.swift in Sources */ = {isa = PBXBuildFile; fileRef = C127DE791C7E34B500D330FF /* TokensViewController.swift */; };
		C127DE7C1C7E34CD00D330FF /* StatsViewController.swift in Sources */ = {isa = PBXBuildFile; fileRef = C127DE7B1C7E34CD00D330FF /* StatsViewController.swift */; };
		C127DE891C84D2E700D330FF /* 157-stats-bars.png in Resources */ = {isa = PBXBuildFile; fileRef = C127DE861C84D2E700D330FF /* 157-stats-bars.png */; };
		C127DE8A1C84D2E700D330FF /* 150-cogs.png in Resources */ = {isa = PBXBuildFile; fileRef = C127DE871C84D2E700D330FF /* 150-cogs.png */; };
		C127DE8B1C84D2E700D330FF /* 026-diamonds.png in Resources */ = {isa = PBXBuildFile; fileRef = C127DE881C84D2E700D330FF /* 026-diamonds.png */; };
		C14163D01C8E3E1100542E43 /* CalendarBrain.swift in Sources */ = {isa = PBXBuildFile; fileRef = C14163CF1C8E3E1100542E43 /* CalendarBrain.swift */; };
		C14163D21C90A3F000542E43 /* MusicBrain.swift in Sources */ = {isa = PBXBuildFile; fileRef = C14163D11C90A3F000542E43 /* MusicBrain.swift */; };
		C14163D61C91EB7000542E43 /* StatsDataBrain.swift in Sources */ = {isa = PBXBuildFile; fileRef = C14163D51C91EB7000542E43 /* StatsDataBrain.swift */; };
		C14303091B4742D800C71707 /* workoutBackground.png in Resources */ = {isa = PBXBuildFile; fileRef = C14303081B4742D800C71707 /* workoutBackground.png */; };
		C143030B1B47432A00C71707 /* WorkoutIcon.png in Resources */ = {isa = PBXBuildFile; fileRef = C143030A1B47432A00C71707 /* WorkoutIcon.png */; };
		C194167E1B41F53200389A6F /* coindropA.wav in Resources */ = {isa = PBXBuildFile; fileRef = C194167D1B41F53200389A6F /* coindropA.wav */; };
		C194E3EF1B424009009A7D28 /* nomnom.wav in Resources */ = {isa = PBXBuildFile; fileRef = C194E3EE1B424009009A7D28 /* nomnom.wav */; };
		C1C591341B2F908500EA0FD6 /* AppDelegate.swift in Sources */ = {isa = PBXBuildFile; fileRef = C1C591331B2F908500EA0FD6 /* AppDelegate.swift */; };
		C1C591391B2F908500EA0FD6 /* Main.storyboard in Resources */ = {isa = PBXBuildFile; fileRef = C1C591371B2F908500EA0FD6 /* Main.storyboard */; };
		C1C5913B1B2F908500EA0FD6 /* Images.xcassets in Resources */ = {isa = PBXBuildFile; fileRef = C1C5913A1B2F908500EA0FD6 /* Images.xcassets */; };
		C1C5913E1B2F908500EA0FD6 /* LaunchScreen.xib in Resources */ = {isa = PBXBuildFile; fileRef = C1C5913C1B2F908500EA0FD6 /* LaunchScreen.xib */; };
		C1C5914A1B2F908500EA0FD6 /* Meal_TokensTests.swift in Sources */ = {isa = PBXBuildFile; fileRef = C1C591491B2F908500EA0FD6 /* Meal_TokensTests.swift */; };
/* End PBXBuildFile section */

/* Begin PBXContainerItemProxy section */
		C11EB47C1C7950F50052BCB3 /* PBXContainerItemProxy */ = {
			isa = PBXContainerItemProxy;
			containerPortal = C11EB4761C7950F50052BCB3 /* Charts.xcodeproj */;
			proxyType = 2;
			remoteGlobalIDString = 5BA8EC401A9D14DC00CE82E1;
			remoteInfo = "Charts-iOS";
		};
		C11EB47E1C7950F50052BCB3 /* PBXContainerItemProxy */ = {
			isa = PBXContainerItemProxy;
			containerPortal = C11EB4761C7950F50052BCB3 /* Charts.xcodeproj */;
			proxyType = 2;
			remoteGlobalIDString = A52C5C371BAC5CA400594CDD;
			remoteInfo = "Charts-TV";
		};
		C11EB4801C7950F50052BCB3 /* PBXContainerItemProxy */ = {
			isa = PBXContainerItemProxy;
			containerPortal = C11EB4761C7950F50052BCB3 /* Charts.xcodeproj */;
			proxyType = 2;
			remoteGlobalIDString = 06AEE7A21BDC3F8B009875AE;
			remoteInfo = ChartsTests;
		};
		C11EB4841C79515F0052BCB3 /* PBXContainerItemProxy */ = {
			isa = PBXContainerItemProxy;
			containerPortal = C11EB4761C7950F50052BCB3 /* Charts.xcodeproj */;
			proxyType = 1;
			remoteGlobalIDString = 5BA8EC3F1A9D14DC00CE82E1;
			remoteInfo = "Charts-iOS";
		};
		C1C591441B2F908500EA0FD6 /* PBXContainerItemProxy */ = {
			isa = PBXContainerItemProxy;
			containerPortal = C1C591261B2F908500EA0FD6 /* Project object */;
			proxyType = 1;
			remoteGlobalIDString = C1C5912D1B2F908500EA0FD6;
			remoteInfo = "Meal Tokens";
		};
/* End PBXContainerItemProxy section */

/* Begin PBXCopyFilesBuildPhase section */
		C11EB4691C78FFC30052BCB3 /* Embed Frameworks */ = {
			isa = PBXCopyFilesBuildPhase;
			buildActionMask = 2147483647;
			dstPath = "";
			dstSubfolderSpec = 10;
			files = (
				C11EB4831C79515F0052BCB3 /* Charts.framework in Embed Frameworks */,
			);
			name = "Embed Frameworks";
			runOnlyForDeploymentPostprocessing = 0;
		};
/* End PBXCopyFilesBuildPhase section */

/* Begin PBXFileReference section */
		C11EB42D1C77CC670052BCB3 /* Media.xcassets */ = {isa = PBXFileReference; lastKnownFileType = folder.assetcatalog; path = Media.xcassets; sourceTree = "<group>"; };
		C11EB4761C7950F50052BCB3 /* Charts.xcodeproj */ = {isa = PBXFileReference; lastKnownFileType = "wrapper.pb-project"; name = Charts.xcodeproj; path = "../../iOS Resources/Charts/Charts/Charts.xcodeproj"; sourceTree = "<group>"; };
		C127DE751C7E349700D330FF /* SettingsViewController.swift */ = {isa = PBXFileReference; fileEncoding = 4; lastKnownFileType = sourcecode.swift; path = SettingsViewController.swift; sourceTree = "<group>"; };
		C127DE791C7E34B500D330FF /* TokensViewController.swift */ = {isa = PBXFileReference; fileEncoding = 4; lastKnownFileType = sourcecode.swift; path = TokensViewController.swift; sourceTree = "<group>"; };
		C127DE7B1C7E34CD00D330FF /* StatsViewController.swift */ = {isa = PBXFileReference; fileEncoding = 4; lastKnownFileType = sourcecode.swift; path = StatsViewController.swift; sourceTree = "<group>"; };
		C127DE861C84D2E700D330FF /* 157-stats-bars.png */ = {isa = PBXFileReference; lastKnownFileType = image.png; path = "157-stats-bars.png"; sourceTree = "<group>"; };
		C127DE871C84D2E700D330FF /* 150-cogs.png */ = {isa = PBXFileReference; lastKnownFileType = image.png; path = "150-cogs.png"; sourceTree = "<group>"; };
		C127DE881C84D2E700D330FF /* 026-diamonds.png */ = {isa = PBXFileReference; lastKnownFileType = image.png; path = "026-diamonds.png"; sourceTree = "<group>"; };
		C14163CF1C8E3E1100542E43 /* CalendarBrain.swift */ = {isa = PBXFileReference; fileEncoding = 4; lastKnownFileType = sourcecode.swift; path = CalendarBrain.swift; sourceTree = "<group>"; };
		C14163D11C90A3F000542E43 /* MusicBrain.swift */ = {isa = PBXFileReference; fileEncoding = 4; lastKnownFileType = sourcecode.swift; path = MusicBrain.swift; sourceTree = "<group>"; };
		C14163D51C91EB7000542E43 /* StatsDataBrain.swift */ = {isa = PBXFileReference; fileEncoding = 4; lastKnownFileType = sourcecode.swift; path = StatsDataBrain.swift; sourceTree = "<group>"; };
		C14303081B4742D800C71707 /* workoutBackground.png */ = {isa = PBXFileReference; lastKnownFileType = image.png; path = workoutBackground.png; sourceTree = "<group>"; };
		C143030A1B47432A00C71707 /* WorkoutIcon.png */ = {isa = PBXFileReference; lastKnownFileType = image.png; path = WorkoutIcon.png; sourceTree = "<group>"; };
		C194167D1B41F53200389A6F /* coindropA.wav */ = {isa = PBXFileReference; lastKnownFileType = audio.wav; path = coindropA.wav; sourceTree = "<group>"; };
		C194E3EE1B424009009A7D28 /* nomnom.wav */ = {isa = PBXFileReference; lastKnownFileType = audio.wav; path = nomnom.wav; sourceTree = "<group>"; };
		C1C5912E1B2F908500EA0FD6 /* Meal Tokens.app */ = {isa = PBXFileReference; explicitFileType = wrapper.application; includeInIndex = 0; path = "Meal Tokens.app"; sourceTree = BUILT_PRODUCTS_DIR; };
		C1C591321B2F908500EA0FD6 /* Info.plist */ = {isa = PBXFileReference; lastKnownFileType = text.plist.xml; path = Info.plist; sourceTree = "<group>"; };
		C1C591331B2F908500EA0FD6 /* AppDelegate.swift */ = {isa = PBXFileReference; lastKnownFileType = sourcecode.swift; path = AppDelegate.swift; sourceTree = "<group>"; };
		C1C591381B2F908500EA0FD6 /* Base */ = {isa = PBXFileReference; lastKnownFileType = file.storyboard; name = Base; path = Base.lproj/Main.storyboard; sourceTree = "<group>"; };
		C1C5913A1B2F908500EA0FD6 /* Images.xcassets */ = {isa = PBXFileReference; lastKnownFileType = folder.assetcatalog; path = Images.xcassets; sourceTree = "<group>"; };
		C1C5913D1B2F908500EA0FD6 /* Base */ = {isa = PBXFileReference; lastKnownFileType = file.xib; name = Base; path = Base.lproj/LaunchScreen.xib; sourceTree = "<group>"; };
		C1C591431B2F908500EA0FD6 /* Meal TokensTests.xctest */ = {isa = PBXFileReference; explicitFileType = wrapper.cfbundle; includeInIndex = 0; path = "Meal TokensTests.xctest"; sourceTree = BUILT_PRODUCTS_DIR; };
		C1C591481B2F908500EA0FD6 /* Info.plist */ = {isa = PBXFileReference; lastKnownFileType = text.plist.xml; path = Info.plist; sourceTree = "<group>"; };
		C1C591491B2F908500EA0FD6 /* Meal_TokensTests.swift */ = {isa = PBXFileReference; lastKnownFileType = sourcecode.swift; path = Meal_TokensTests.swift; sourceTree = "<group>"; };
/* End PBXFileReference section */

/* Begin PBXFrameworksBuildPhase section */
		C1C5912B1B2F908500EA0FD6 /* Frameworks */ = {
			isa = PBXFrameworksBuildPhase;
			buildActionMask = 2147483647;
			files = (
				C11EB4821C79515F0052BCB3 /* Charts.framework in Frameworks */,
			);
			runOnlyForDeploymentPostprocessing = 0;
		};
		C1C591401B2F908500EA0FD6 /* Frameworks */ = {
			isa = PBXFrameworksBuildPhase;
			buildActionMask = 2147483647;
			files = (
			);
			runOnlyForDeploymentPostprocessing = 0;
		};
/* End PBXFrameworksBuildPhase section */

/* Begin PBXGroup section */
		C11EB4261C77C7EF0052BCB3 /* Model */ = {
			isa = PBXGroup;
			children = (
				C14163D11C90A3F000542E43 /* MusicBrain.swift */,
				C14163CF1C8E3E1100542E43 /* CalendarBrain.swift */,
				C14163D51C91EB7000542E43 /* StatsDataBrain.swift */,
			);
			name = Model;
			sourceTree = "<group>";
		};
		C11EB4271C77C7F70052BCB3 /* View */ = {
			isa = PBXGroup;
			children = (
				C1C591371B2F908500EA0FD6 /* Main.storyboard */,
				C1C5913C1B2F908500EA0FD6 /* LaunchScreen.xib */,
			);
			name = View;
			sourceTree = "<group>";
		};
		C11EB4281C77C7FF0052BCB3 /* Controller */ = {
			isa = PBXGroup;
			children = (
				C127DE751C7E349700D330FF /* SettingsViewController.swift */,
				C127DE791C7E34B500D330FF /* TokensViewController.swift */,
				C127DE7B1C7E34CD00D330FF /* StatsViewController.swift */,
			);
			name = Controller;
			sourceTree = "<group>";
		};
		C11EB4291C77C86F0052BCB3 /* Sounds */ = {
			isa = PBXGroup;
			children = (
				C194E3EE1B424009009A7D28 /* nomnom.wav */,
				C194167D1B41F53200389A6F /* coindropA.wav */,
			);
			name = Sounds;
			sourceTree = "<group>";
		};
		C11EB42A1C77C88B0052BCB3 /* Images */ = {
			isa = PBXGroup;
			children = (
				C127DE861C84D2E700D330FF /* 157-stats-bars.png */,
				C127DE871C84D2E700D330FF /* 150-cogs.png */,
				C127DE881C84D2E700D330FF /* 026-diamonds.png */,
				C14303081B4742D800C71707 /* workoutBackground.png */,
				C143030A1B47432A00C71707 /* WorkoutIcon.png */,
			);
			name = Images;
			sourceTree = "<group>";
		};
		C11EB4771C7950F50052BCB3 /* Products */ = {
			isa = PBXGroup;
			children = (
				C11EB47D1C7950F50052BCB3 /* Charts.framework */,
				C11EB47F1C7950F50052BCB3 /* Charts.framework */,
				C11EB4811C7950F50052BCB3 /* ChartsTests.xctest */,
			);
			name = Products;
			sourceTree = "<group>";
		};
		C1C591251B2F908500EA0FD6 = {
			isa = PBXGroup;
			children = (
				C11EB4761C7950F50052BCB3 /* Charts.xcodeproj */,
				C1C591301B2F908500EA0FD6 /* Meal Tokens */,
				C1C591461B2F908500EA0FD6 /* Meal TokensTests */,
				C1C5912F1B2F908500EA0FD6 /* Products */,
			);
			sourceTree = "<group>";
		};
		C1C5912F1B2F908500EA0FD6 /* Products */ = {
			isa = PBXGroup;
			children = (
				C1C5912E1B2F908500EA0FD6 /* Meal Tokens.app */,
				C1C591431B2F908500EA0FD6 /* Meal TokensTests.xctest */,
			);
			name = Products;
			sourceTree = "<group>";
		};
		C1C591301B2F908500EA0FD6 /* Meal Tokens */ = {
			isa = PBXGroup;
			children = (
				C11EB4281C77C7FF0052BCB3 /* Controller */,
				C11EB4271C77C7F70052BCB3 /* View */,
				C11EB4261C77C7EF0052BCB3 /* Model */,
				C1C591331B2F908500EA0FD6 /* AppDelegate.swift */,
				C1C5913A1B2F908500EA0FD6 /* Images.xcassets */,
				C1C591311B2F908500EA0FD6 /* Supporting Files */,
				C11EB42D1C77CC670052BCB3 /* Media.xcassets */,
			);
			path = "Meal Tokens";
			sourceTree = "<group>";
		};
		C1C591311B2F908500EA0FD6 /* Supporting Files */ = {
			isa = PBXGroup;
			children = (
				C11EB42A1C77C88B0052BCB3 /* Images */,
				C11EB4291C77C86F0052BCB3 /* Sounds */,
				C1C591321B2F908500EA0FD6 /* Info.plist */,
			);
			name = "Supporting Files";
			sourceTree = "<group>";
		};
		C1C591461B2F908500EA0FD6 /* Meal TokensTests */ = {
			isa = PBXGroup;
			children = (
				C1C591491B2F908500EA0FD6 /* Meal_TokensTests.swift */,
				C1C591471B2F908500EA0FD6 /* Supporting Files */,
			);
			path = "Meal TokensTests";
			sourceTree = "<group>";
		};
		C1C591471B2F908500EA0FD6 /* Supporting Files */ = {
			isa = PBXGroup;
			children = (
				C1C591481B2F908500EA0FD6 /* Info.plist */,
			);
			name = "Supporting Files";
			sourceTree = "<group>";
		};
/* End PBXGroup section */

/* Begin PBXNativeTarget section */
		C1C5912D1B2F908500EA0FD6 /* Meal Tokens */ = {
			isa = PBXNativeTarget;
			buildConfigurationList = C1C5914D1B2F908500EA0FD6 /* Build configuration list for PBXNativeTarget "Meal Tokens" */;
			buildPhases = (
				C1C5912A1B2F908500EA0FD6 /* Sources */,
				C1C5912B1B2F908500EA0FD6 /* Frameworks */,
				C1C5912C1B2F908500EA0FD6 /* Resources */,
				C11EB4691C78FFC30052BCB3 /* Embed Frameworks */,
			);
			buildRules = (
			);
			dependencies = (
				C11EB4851C79515F0052BCB3 /* PBXTargetDependency */,
			);
			name = "Meal Tokens";
			productName = "Meal Tokens";
			productReference = C1C5912E1B2F908500EA0FD6 /* Meal Tokens.app */;
			productType = "com.apple.product-type.application";
		};
		C1C591421B2F908500EA0FD6 /* Meal TokensTests */ = {
			isa = PBXNativeTarget;
			buildConfigurationList = C1C591501B2F908500EA0FD6 /* Build configuration list for PBXNativeTarget "Meal TokensTests" */;
			buildPhases = (
				C1C5913F1B2F908500EA0FD6 /* Sources */,
				C1C591401B2F908500EA0FD6 /* Frameworks */,
				C1C591411B2F908500EA0FD6 /* Resources */,
			);
			buildRules = (
			);
			dependencies = (
				C1C591451B2F908500EA0FD6 /* PBXTargetDependency */,
			);
			name = "Meal TokensTests";
			productName = "Meal TokensTests";
			productReference = C1C591431B2F908500EA0FD6 /* Meal TokensTests.xctest */;
			productType = "com.apple.product-type.bundle.unit-test";
		};
/* End PBXNativeTarget section */

/* Begin PBXProject section */
		C1C591261B2F908500EA0FD6 /* Project object */ = {
			isa = PBXProject;
			attributes = {
				LastSwiftMigration = 0700;
				LastSwiftUpdateCheck = 0700;
				LastUpgradeCheck = 0700;
				ORGANIZATIONNAME = "Issac Greenfield";
				TargetAttributes = {
					C1C5912D1B2F908500EA0FD6 = {
						CreatedOnToolsVersion = 6.3.1;
						DevelopmentTeam = 362EF65A66;
					};
					C1C591421B2F908500EA0FD6 = {
						CreatedOnToolsVersion = 6.3.1;
						TestTargetID = C1C5912D1B2F908500EA0FD6;
					};
				};
			};
			buildConfigurationList = C1C591291B2F908500EA0FD6 /* Build configuration list for PBXProject "Meal Tokens" */;
			compatibilityVersion = "Xcode 3.2";
			developmentRegion = English;
			hasScannedForEncodings = 0;
			knownRegions = (
				en,
				Base,
			);
			mainGroup = C1C591251B2F908500EA0FD6;
			productRefGroup = C1C5912F1B2F908500EA0FD6 /* Products */;
			projectDirPath = "";
			projectReferences = (
				{
					ProductGroup = C11EB4771C7950F50052BCB3 /* Products */;
					ProjectRef = C11EB4761C7950F50052BCB3 /* Charts.xcodeproj */;
				},
			);
			projectRoot = "";
			targets = (
				C1C5912D1B2F908500EA0FD6 /* Meal Tokens */,
				C1C591421B2F908500EA0FD6 /* Meal TokensTests */,
			);
		};
/* End PBXProject section */

/* Begin PBXReferenceProxy section */
		C11EB47D1C7950F50052BCB3 /* Charts.framework */ = {
			isa = PBXReferenceProxy;
			fileType = wrapper.framework;
			path = Charts.framework;
			remoteRef = C11EB47C1C7950F50052BCB3 /* PBXContainerItemProxy */;
			sourceTree = BUILT_PRODUCTS_DIR;
		};
		C11EB47F1C7950F50052BCB3 /* Charts.framework */ = {
			isa = PBXReferenceProxy;
			fileType = wrapper.framework;
			path = Charts.framework;
			remoteRef = C11EB47E1C7950F50052BCB3 /* PBXContainerItemProxy */;
			sourceTree = BUILT_PRODUCTS_DIR;
		};
		C11EB4811C7950F50052BCB3 /* ChartsTests.xctest */ = {
			isa = PBXReferenceProxy;
			fileType = wrapper.cfbundle;
			path = ChartsTests.xctest;
			remoteRef = C11EB4801C7950F50052BCB3 /* PBXContainerItemProxy */;
			sourceTree = BUILT_PRODUCTS_DIR;
		};
/* End PBXReferenceProxy section */

/* Begin PBXResourcesBuildPhase section */
		C1C5912C1B2F908500EA0FD6 /* Resources */ = {
			isa = PBXResourcesBuildPhase;
			buildActionMask = 2147483647;
			files = (
				C1C591391B2F908500EA0FD6 /* Main.storyboard in Resources */,
				C194E3EF1B424009009A7D28 /* nomnom.wav in Resources */,
				C1C5913E1B2F908500EA0FD6 /* LaunchScreen.xib in Resources */,
				C194167E1B41F53200389A6F /* coindropA.wav in Resources */,
				C14303091B4742D800C71707 /* workoutBackground.png in Resources */,
				C127DE891C84D2E700D330FF /* 157-stats-bars.png in Resources */,
				C127DE8A1C84D2E700D330FF /* 150-cogs.png in Resources */,
				C143030B1B47432A00C71707 /* WorkoutIcon.png in Resources */,
				C11EB42E1C77CC670052BCB3 /* Media.xcassets in Resources */,
				C127DE8B1C84D2E700D330FF /* 026-diamonds.png in Resources */,
				C1C5913B1B2F908500EA0FD6 /* Images.xcassets in Resources */,
			);
			runOnlyForDeploymentPostprocessing = 0;
		};
		C1C591411B2F908500EA0FD6 /* Resources */ = {
			isa = PBXResourcesBuildPhase;
			buildActionMask = 2147483647;
			files = (
			);
			runOnlyForDeploymentPostprocessing = 0;
		};
/* End PBXResourcesBuildPhase section */

/* Begin PBXSourcesBuildPhase section */
		C1C5912A1B2F908500EA0FD6 /* Sources */ = {
			isa = PBXSourcesBuildPhase;
			buildActionMask = 2147483647;
			files = (
				C14163D21C90A3F000542E43 /* MusicBrain.swift in Sources */,
				C127DE7A1C7E34B500D330FF /* TokensViewController.swift in Sources */,
				C14163D01C8E3E1100542E43 /* CalendarBrain.swift in Sources */,
				C14163D61C91EB7000542E43 /* StatsDataBrain.swift in Sources */,
				C1C591341B2F908500EA0FD6 /* AppDelegate.swift in Sources */,
				C127DE7C1C7E34CD00D330FF /* StatsViewController.swift in Sources */,
				C127DE761C7E349700D330FF /* SettingsViewController.swift in Sources */,
			);
			runOnlyForDeploymentPostprocessing = 0;
		};
		C1C5913F1B2F908500EA0FD6 /* Sources */ = {
			isa = PBXSourcesBuildPhase;
			buildActionMask = 2147483647;
			files = (
				C1C5914A1B2F908500EA0FD6 /* Meal_TokensTests.swift in Sources */,
			);
			runOnlyForDeploymentPostprocessing = 0;
		};
/* End PBXSourcesBuildPhase section */

/* Begin PBXTargetDependency section */
		C11EB4851C79515F0052BCB3 /* PBXTargetDependency */ = {
			isa = PBXTargetDependency;
			name = "Charts-iOS";
			targetProxy = C11EB4841C79515F0052BCB3 /* PBXContainerItemProxy */;
		};
		C1C591451B2F908500EA0FD6 /* PBXTargetDependency */ = {
			isa = PBXTargetDependency;
			target = C1C5912D1B2F908500EA0FD6 /* Meal Tokens */;
			targetProxy = C1C591441B2F908500EA0FD6 /* PBXContainerItemProxy */;
		};
/* End PBXTargetDependency section */

/* Begin PBXVariantGroup section */
		C1C591371B2F908500EA0FD6 /* Main.storyboard */ = {
			isa = PBXVariantGroup;
			children = (
				C1C591381B2F908500EA0FD6 /* Base */,
			);
			name = Main.storyboard;
			sourceTree = "<group>";
		};
		C1C5913C1B2F908500EA0FD6 /* LaunchScreen.xib */ = {
			isa = PBXVariantGroup;
			children = (
				C1C5913D1B2F908500EA0FD6 /* Base */,
			);
			name = LaunchScreen.xib;
			sourceTree = "<group>";
		};
/* End PBXVariantGroup section */

/* Begin XCBuildConfiguration section */
		C1C5914B1B2F908500EA0FD6 /* Debug */ = {
			isa = XCBuildConfiguration;
			buildSettings = {
				ALWAYS_SEARCH_USER_PATHS = NO;
				CLANG_CXX_LANGUAGE_STANDARD = "gnu++0x";
				CLANG_CXX_LIBRARY = "libc++";
				CLANG_ENABLE_MODULES = YES;
				CLANG_ENABLE_OBJC_ARC = YES;
				CLANG_WARN_BOOL_CONVERSION = YES;
				CLANG_WARN_CONSTANT_CONVERSION = YES;
				CLANG_WARN_DIRECT_OBJC_ISA_USAGE = YES_ERROR;
				CLANG_WARN_EMPTY_BODY = YES;
				CLANG_WARN_ENUM_CONVERSION = YES;
				CLANG_WARN_INT_CONVERSION = YES;
				CLANG_WARN_OBJC_ROOT_CLASS = YES_ERROR;
				CLANG_WARN_UNREACHABLE_CODE = YES;
				CLANG_WARN__DUPLICATE_METHOD_MATCH = YES;
				"CODE_SIGN_IDENTITY[sdk=iphoneos*]" = "iPhone Developer";
				COPY_PHASE_STRIP = NO;
				DEBUG_INFORMATION_FORMAT = "dwarf-with-dsym";
				EMBEDDED_CONTENT_CONTAINS_SWIFT = YES;
				EMBED_ASSET_PACKS_IN_PRODUCT_BUNDLE = YES;
				ENABLE_STRICT_OBJC_MSGSEND = YES;
				ENABLE_TESTABILITY = YES;
				GCC_C_LANGUAGE_STANDARD = gnu99;
				GCC_DYNAMIC_NO_PIC = NO;
				GCC_NO_COMMON_BLOCKS = YES;
				GCC_OPTIMIZATION_LEVEL = 0;
				GCC_PREPROCESSOR_DEFINITIONS = (
					"DEBUG=1",
					"$(inherited)",
				);
				GCC_SYMBOLS_PRIVATE_EXTERN = NO;
				GCC_WARN_64_TO_32_BIT_CONVERSION = YES;
				GCC_WARN_ABOUT_RETURN_TYPE = YES_ERROR;
				GCC_WARN_UNDECLARED_SELECTOR = YES;
				GCC_WARN_UNINITIALIZED_AUTOS = YES_AGGRESSIVE;
				GCC_WARN_UNUSED_FUNCTION = YES;
				GCC_WARN_UNUSED_VARIABLE = YES;
				IPHONEOS_DEPLOYMENT_TARGET = 8.3;
				MTL_ENABLE_DEBUG_INFO = YES;
				ONLY_ACTIVE_ARCH = YES;
				SDKROOT = iphoneos;
				SWIFT_OPTIMIZATION_LEVEL = "-Onone";
			};
			name = Debug;
		};
		C1C5914C1B2F908500EA0FD6 /* Release */ = {
			isa = XCBuildConfiguration;
			buildSettings = {
				ALWAYS_SEARCH_USER_PATHS = NO;
				CLANG_CXX_LANGUAGE_STANDARD = "gnu++0x";
				CLANG_CXX_LIBRARY = "libc++";
				CLANG_ENABLE_MODULES = YES;
				CLANG_ENABLE_OBJC_ARC = YES;
				CLANG_WARN_BOOL_CONVERSION = YES;
				CLANG_WARN_CONSTANT_CONVERSION = YES;
				CLANG_WARN_DIRECT_OBJC_ISA_USAGE = YES_ERROR;
				CLANG_WARN_EMPTY_BODY = YES;
				CLANG_WARN_ENUM_CONVERSION = YES;
				CLANG_WARN_INT_CONVERSION = YES;
				CLANG_WARN_OBJC_ROOT_CLASS = YES_ERROR;
				CLANG_WARN_UNREACHABLE_CODE = YES;
				CLANG_WARN__DUPLICATE_METHOD_MATCH = YES;
				"CODE_SIGN_IDENTITY[sdk=iphoneos*]" = "iPhone Developer";
				COPY_PHASE_STRIP = NO;
				DEBUG_INFORMATION_FORMAT = "dwarf-with-dsym";
				EMBEDDED_CONTENT_CONTAINS_SWIFT = YES;
				EMBED_ASSET_PACKS_IN_PRODUCT_BUNDLE = YES;
				ENABLE_NS_ASSERTIONS = NO;
				ENABLE_STRICT_OBJC_MSGSEND = YES;
				GCC_C_LANGUAGE_STANDARD = gnu99;
				GCC_NO_COMMON_BLOCKS = YES;
				GCC_WARN_64_TO_32_BIT_CONVERSION = YES;
				GCC_WARN_ABOUT_RETURN_TYPE = YES_ERROR;
				GCC_WARN_UNDECLARED_SELECTOR = YES;
				GCC_WARN_UNINITIALIZED_AUTOS = YES_AGGRESSIVE;
				GCC_WARN_UNUSED_FUNCTION = YES;
				GCC_WARN_UNUSED_VARIABLE = YES;
				IPHONEOS_DEPLOYMENT_TARGET = 8.3;
				MTL_ENABLE_DEBUG_INFO = NO;
				SDKROOT = iphoneos;
				VALIDATE_PRODUCT = YES;
			};
			name = Release;
		};
		C1C5914E1B2F908500EA0FD6 /* Debug */ = {
			isa = XCBuildConfiguration;
			buildSettings = {
				ASSETCATALOG_COMPILER_APPICON_NAME = AppIcon;
				CODE_SIGN_IDENTITY = "iPhone Developer";
				"CODE_SIGN_IDENTITY[sdk=iphoneos*]" = "iPhone Developer";
				EMBEDDED_CONTENT_CONTAINS_SWIFT = YES;
				INFOPLIST_FILE = "Meal Tokens/Info.plist";
				IPHONEOS_DEPLOYMENT_TARGET = 9.2;
				LD_RUNPATH_SEARCH_PATHS = "$(inherited) @executable_path/Frameworks";
				ONLY_ACTIVE_ARCH = YES;
				PRODUCT_BUNDLE_IDENTIFIER = "IssacGreenfield.$(PRODUCT_NAME:rfc1034identifier)";
				PRODUCT_NAME = "$(TARGET_NAME)";
				PROVISIONING_PROFILE = "";
				TARGETED_DEVICE_FAMILY = "1,2";
			};
			name = Debug;
		};
		C1C5914F1B2F908500EA0FD6 /* Release */ = {
			isa = XCBuildConfiguration;
			buildSettings = {
				ASSETCATALOG_COMPILER_APPICON_NAME = AppIcon;
				CODE_SIGN_IDENTITY = "iPhone Developer";
				"CODE_SIGN_IDENTITY[sdk=iphoneos*]" = "iPhone Developer";
				EMBEDDED_CONTENT_CONTAINS_SWIFT = YES;
				INFOPLIST_FILE = "Meal Tokens/Info.plist";
				IPHONEOS_DEPLOYMENT_TARGET = 9.2;
				LD_RUNPATH_SEARCH_PATHS = "$(inherited) @executable_path/Frameworks";
				ONLY_ACTIVE_ARCH = YES;
				PRODUCT_BUNDLE_IDENTIFIER = "IssacGreenfield.$(PRODUCT_NAME:rfc1034identifier)";
				PRODUCT_NAME = "$(TARGET_NAME)";
				PROVISIONING_PROFILE = "";
				TARGETED_DEVICE_FAMILY = "1,2";
			};
			name = Release;
		};
		C1C591511B2F908500EA0FD6 /* Debug */ = {
			isa = XCBuildConfiguration;
			buildSettings = {
				BUNDLE_LOADER = "$(TEST_HOST)";
				FRAMEWORK_SEARCH_PATHS = (
					"$(SDKROOT)/Developer/Library/Frameworks",
					"$(inherited)",
				);
				GCC_PREPROCESSOR_DEFINITIONS = (
					"DEBUG=1",
					"$(inherited)",
				);
				INFOPLIST_FILE = "Meal TokensTests/Info.plist";
				LD_RUNPATH_SEARCH_PATHS = "$(inherited) @executable_path/Frameworks @loader_path/Frameworks";
				PRODUCT_BUNDLE_IDENTIFIER = "GreenfieldDesigns.$(PRODUCT_NAME:rfc1034identifier)";
				PRODUCT_NAME = "$(TARGET_NAME)";
				TEST_HOST = "$(BUILT_PRODUCTS_DIR)/Meal Tokens.app/Meal Tokens";
			};
			name = Debug;
		};
		C1C591521B2F908500EA0FD6 /* Release */ = {
			isa = XCBuildConfiguration;
			buildSettings = {
				BUNDLE_LOADER = "$(TEST_HOST)";
				FRAMEWORK_SEARCH_PATHS = (
					"$(SDKROOT)/Developer/Library/Frameworks",
					"$(inherited)",
				);
				INFOPLIST_FILE = "Meal TokensTests/Info.plist";
				LD_RUNPATH_SEARCH_PATHS = "$(inherited) @executable_path/Frameworks @loader_path/Frameworks";
				PRODUCT_BUNDLE_IDENTIFIER = "GreenfieldDesigns.$(PRODUCT_NAME:rfc1034identifier)";
				PRODUCT_NAME = "$(TARGET_NAME)";
				TEST_HOST = "$(BUILT_PRODUCTS_DIR)/Meal Tokens.app/Meal Tokens";
			};
			name = Release;
		};
/* End XCBuildConfiguration section */

/* Begin XCConfigurationList section */
		C1C591291B2F908500EA0FD6 /* Build configuration list for PBXProject "Meal Tokens" */ = {
			isa = XCConfigurationList;
			buildConfigurations = (
				C1C5914B1B2F908500EA0FD6 /* Debug */,
				C1C5914C1B2F908500EA0FD6 /* Release */,
			);
			defaultConfigurationIsVisible = 0;
			defaultConfigurationName = Release;
		};
		C1C5914D1B2F908500EA0FD6 /* Build configuration list for PBXNativeTarget "Meal Tokens" */ = {
			isa = XCConfigurationList;
			buildConfigurations = (
				C1C5914E1B2F908500EA0FD6 /* Debug */,
				C1C5914F1B2F908500EA0FD6 /* Release */,
			);
			defaultConfigurationIsVisible = 0;
			defaultConfigurationName = Release;
		};
		C1C591501B2F908500EA0FD6 /* Build configuration list for PBXNativeTarget "Meal TokensTests" */ = {
			isa = XCConfigurationList;
			buildConfigurations = (
				C1C591511B2F908500EA0FD6 /* Debug */,
				C1C591521B2F908500EA0FD6 /* Release */,
			);
			defaultConfigurationIsVisible = 0;
			defaultConfigurationName = Release;
		};
/* End XCConfigurationList section */
	};
	rootObject = C1C591261B2F908500EA0FD6 /* Project object */;
}
